// !$*UTF8*$!
{
	archiveVersion = 1;
	classes = {
	};
	objectVersion = 56;
	objects = {

/* Begin PBXBuildFile section */
		4F6D35822AB8AA86005E9144 /* AppDelegate.swift in Sources */ = {isa = PBXBuildFile; fileRef = 4F6D35812AB8AA86005E9144 /* AppDelegate.swift */; };
		4F6D35842AB8AA86005E9144 /* SceneDelegate.swift in Sources */ = {isa = PBXBuildFile; fileRef = 4F6D35832AB8AA86005E9144 /* SceneDelegate.swift */; };
		4F6D35862AB8AA86005E9144 /* ViewController.swift in Sources */ = {isa = PBXBuildFile; fileRef = 4F6D35852AB8AA86005E9144 /* ViewController.swift */; };
		4F6D35892AB8AA86005E9144 /* Main.storyboard in Resources */ = {isa = PBXBuildFile; fileRef = 4F6D35872AB8AA86005E9144 /* Main.storyboard */; };
		4F6D358B2AB8AA87005E9144 /* Assets.xcassets in Resources */ = {isa = PBXBuildFile; fileRef = 4F6D358A2AB8AA87005E9144 /* Assets.xcassets */; };
		4F6D358E2AB8AA87005E9144 /* LaunchScreen.storyboard in Resources */ = {isa = PBXBuildFile; fileRef = 4F6D358C2AB8AA87005E9144 /* LaunchScreen.storyboard */; };
		4F6D35992AB8AA87005E9144 /* Order_of_EventsTests.swift in Sources */ = {isa = PBXBuildFile; fileRef = 4F6D35982AB8AA87005E9144 /* Order_of_EventsTests.swift */; };
		4F6D35A32AB8AA87005E9144 /* Order_of_EventsUITests.swift in Sources */ = {isa = PBXBuildFile; fileRef = 4F6D35A22AB8AA87005E9144 /* Order_of_EventsUITests.swift */; };
		4F6D35A52AB8AA87005E9144 /* Order_of_EventsUITestsLaunchTests.swift in Sources */ = {isa = PBXBuildFile; fileRef = 4F6D35A42AB8AA87005E9144 /* Order_of_EventsUITestsLaunchTests.swift */; };
		4F6D35B22AB8AB1A005E9144 /* SecondViewController.swift in Sources */ = {isa = PBXBuildFile; fileRef = 4F6D35B12AB8AB1A005E9144 /* SecondViewController.swift */; };
		4F6D35B42AB8AB7E005E9144 /* ThirdViewController.swift in Sources */ = {isa = PBXBuildFile; fileRef = 4F6D35B32AB8AB7E005E9144 /* ThirdViewController.swift */; };
/* End PBXBuildFile section */

/* Begin PBXContainerItemProxy section */
		4F6D35952AB8AA87005E9144 /* PBXContainerItemProxy */ = {
			isa = PBXContainerItemProxy;
			containerPortal = 4F6D35762AB8AA86005E9144 /* Project object */;
			proxyType = 1;
			remoteGlobalIDString = 4F6D357D2AB8AA86005E9144;
			remoteInfo = "Order of Events";
		};
		4F6D359F2AB8AA87005E9144 /* PBXContainerItemProxy */ = {
			isa = PBXContainerItemProxy;
			containerPortal = 4F6D35762AB8AA86005E9144 /* Project object */;
			proxyType = 1;
			remoteGlobalIDString = 4F6D357D2AB8AA86005E9144;
			remoteInfo = "Order of Events";
		};
/* End PBXContainerItemProxy section */

/* Begin PBXFileReference section */
		4F6D357E2AB8AA86005E9144 /* Order of Events.app */ = {isa = PBXFileReference; explicitFileType = wrapper.application; includeInIndex = 0; path = "Order of Events.app"; sourceTree = BUILT_PRODUCTS_DIR; };
		4F6D35812AB8AA86005E9144 /* AppDelegate.swift */ = {isa = PBXFileReference; lastKnownFileType = sourcecode.swift; path = AppDelegate.swift; sourceTree = "<group>"; };
		4F6D35832AB8AA86005E9144 /* SceneDelegate.swift */ = {isa = PBXFileReference; lastKnownFileType = sourcecode.swift; path = SceneDelegate.swift; sourceTree = "<group>"; };
		4F6D35852AB8AA86005E9144 /* ViewController.swift */ = {isa = PBXFileReference; lastKnownFileType = sourcecode.swift; path = ViewController.swift; sourceTree = "<group>"; };
		4F6D35882AB8AA86005E9144 /* Base */ = {isa = PBXFileReference; lastKnownFileType = file.storyboard; name = Base; path = Base.lproj/Main.storyboard; sourceTree = "<group>"; };
		4F6D358A2AB8AA87005E9144 /* Assets.xcassets */ = {isa = PBXFileReference; lastKnownFileType = folder.assetcatalog; path = Assets.xcassets; sourceTree = "<group>"; };
		4F6D358D2AB8AA87005E9144 /* Base */ = {isa = PBXFileReference; lastKnownFileType = file.storyboard; name = Base; path = Base.lproj/LaunchScreen.storyboard; sourceTree = "<group>"; };
		4F6D358F2AB8AA87005E9144 /* Info.plist */ = {isa = PBXFileReference; lastKnownFileType = text.plist.xml; path = Info.plist; sourceTree = "<group>"; };
		4F6D35942AB8AA87005E9144 /* Order of EventsTests.xctest */ = {isa = PBXFileReference; explicitFileType = wrapper.cfbundle; includeInIndex = 0; path = "Order of EventsTests.xctest"; sourceTree = BUILT_PRODUCTS_DIR; };
		4F6D35982AB8AA87005E9144 /* Order_of_EventsTests.swift */ = {isa = PBXFileReference; lastKnownFileType = sourcecode.swift; path = Order_of_EventsTests.swift; sourceTree = "<group>"; };
		4F6D359E2AB8AA87005E9144 /* Order of EventsUITests.xctest */ = {isa = PBXFileReference; explicitFileType = wrapper.cfbundle; includeInIndex = 0; path = "Order of EventsUITests.xctest"; sourceTree = BUILT_PRODUCTS_DIR; };
		4F6D35A22AB8AA87005E9144 /* Order_of_EventsUITests.swift */ = {isa = PBXFileReference; lastKnownFileType = sourcecode.swift; path = Order_of_EventsUITests.swift; sourceTree = "<group>"; };
		4F6D35A42AB8AA87005E9144 /* Order_of_EventsUITestsLaunchTests.swift */ = {isa = PBXFileReference; lastKnownFileType = sourcecode.swift; path = Order_of_EventsUITestsLaunchTests.swift; sourceTree = "<group>"; };
		4F6D35B12AB8AB1A005E9144 /* SecondViewController.swift */ = {isa = PBXFileReference; lastKnownFileType = sourcecode.swift; path = SecondViewController.swift; sourceTree = "<group>"; };
		4F6D35B32AB8AB7E005E9144 /* ThirdViewController.swift */ = {isa = PBXFileReference; lastKnownFileType = sourcecode.swift; path = ThirdViewController.swift; sourceTree = "<group>"; };
/* End PBXFileReference section */

/* Begin PBXFrameworksBuildPhase section */
		4F6D357B2AB8AA86005E9144 /* Frameworks */ = {
			isa = PBXFrameworksBuildPhase;
			buildActionMask = 2147483647;
			files = (
			);
			runOnlyForDeploymentPostprocessing = 0;
		};
		4F6D35912AB8AA87005E9144 /* Frameworks */ = {
			isa = PBXFrameworksBuildPhase;
			buildActionMask = 2147483647;
			files = (
			);
			runOnlyForDeploymentPostprocessing = 0;
		};
		4F6D359B2AB8AA87005E9144 /* Frameworks */ = {
			isa = PBXFrameworksBuildPhase;
			buildActionMask = 2147483647;
			files = (
			);
			runOnlyForDeploymentPostprocessing = 0;
		};
/* End PBXFrameworksBuildPhase section */

/* Begin PBXGroup section */
		4F6D35752AB8AA86005E9144 = {
			isa = PBXGroup;
			children = (
				4F6D35802AB8AA86005E9144 /* Order of Events */,
				4F6D35972AB8AA87005E9144 /* Order of EventsTests */,
				4F6D35A12AB8AA87005E9144 /* Order of EventsUITests */,
				4F6D357F2AB8AA86005E9144 /* Products */,
			);
			sourceTree = "<group>";
		};
		4F6D357F2AB8AA86005E9144 /* Products */ = {
			isa = PBXGroup;
			children = (
				4F6D357E2AB8AA86005E9144 /* Order of Events.app */,
				4F6D35942AB8AA87005E9144 /* Order of EventsTests.xctest */,
				4F6D359E2AB8AA87005E9144 /* Order of EventsUITests.xctest */,
			);
			name = Products;
			sourceTree = "<group>";
		};
		4F6D35802AB8AA86005E9144 /* Order of Events */ = {
			isa = PBXGroup;
			children = (
				4F6D35812AB8AA86005E9144 /* AppDelegate.swift */,
				4F6D35832AB8AA86005E9144 /* SceneDelegate.swift */,
				4F6D35852AB8AA86005E9144 /* ViewController.swift */,
				4F6D35B12AB8AB1A005E9144 /* SecondViewController.swift */,
				4F6D35B32AB8AB7E005E9144 /* ThirdViewController.swift */,
				4F6D35872AB8AA86005E9144 /* Main.storyboard */,
				4F6D358A2AB8AA87005E9144 /* Assets.xcassets */,
				4F6D358C2AB8AA87005E9144 /* LaunchScreen.storyboard */,
				4F6D358F2AB8AA87005E9144 /* Info.plist */,
			);
			path = "Order of Events";
			sourceTree = "<group>";
		};
		4F6D35972AB8AA87005E9144 /* Order of EventsTests */ = {
			isa = PBXGroup;
			children = (
				4F6D35982AB8AA87005E9144 /* Order_of_EventsTests.swift */,
			);
			path = "Order of EventsTests";
			sourceTree = "<group>";
		};
		4F6D35A12AB8AA87005E9144 /* Order of EventsUITests */ = {
			isa = PBXGroup;
			children = (
				4F6D35A22AB8AA87005E9144 /* Order_of_EventsUITests.swift */,
				4F6D35A42AB8AA87005E9144 /* Order_of_EventsUITestsLaunchTests.swift */,
			);
			path = "Order of EventsUITests";
			sourceTree = "<group>";
		};
/* End PBXGroup section */

/* Begin PBXNativeTarget section */
		4F6D357D2AB8AA86005E9144 /* Order of Events */ = {
			isa = PBXNativeTarget;
			buildConfigurationList = 4F6D35A82AB8AA87005E9144 /* Build configuration list for PBXNativeTarget "Order of Events" */;
			buildPhases = (
				4F6D357A2AB8AA86005E9144 /* Sources */,
				4F6D357B2AB8AA86005E9144 /* Frameworks */,
				4F6D357C2AB8AA86005E9144 /* Resources */,
			);
			buildRules = (
			);
			dependencies = (
			);
			name = "Order of Events";
			productName = "Order of Events";
			productReference = 4F6D357E2AB8AA86005E9144 /* Order of Events.app */;
			productType = "com.apple.product-type.application";
		};
		4F6D35932AB8AA87005E9144 /* Order of EventsTests */ = {
			isa = PBXNativeTarget;
			buildConfigurationList = 4F6D35AB2AB8AA87005E9144 /* Build configuration list for PBXNativeTarget "Order of EventsTests" */;
			buildPhases = (
				4F6D35902AB8AA87005E9144 /* Sources */,
				4F6D35912AB8AA87005E9144 /* Frameworks */,
				4F6D35922AB8AA87005E9144 /* Resources */,
			);
			buildRules = (
			);
			dependencies = (
				4F6D35962AB8AA87005E9144 /* PBXTargetDependency */,
			);
			name = "Order of EventsTests";
			productName = "Order of EventsTests";
			productReference = 4F6D35942AB8AA87005E9144 /* Order of EventsTests.xctest */;
			productType = "com.apple.product-type.bundle.unit-test";
		};
		4F6D359D2AB8AA87005E9144 /* Order of EventsUITests */ = {
			isa = PBXNativeTarget;
			buildConfigurationList = 4F6D35AE2AB8AA87005E9144 /* Build configuration list for PBXNativeTarget "Order of EventsUITests" */;
			buildPhases = (
				4F6D359A2AB8AA87005E9144 /* Sources */,
				4F6D359B2AB8AA87005E9144 /* Frameworks */,
				4F6D359C2AB8AA87005E9144 /* Resources */,
			);
			buildRules = (
			);
			dependencies = (
				4F6D35A02AB8AA87005E9144 /* PBXTargetDependency */,
			);
			name = "Order of EventsUITests";
			productName = "Order of EventsUITests";
			productReference = 4F6D359E2AB8AA87005E9144 /* Order of EventsUITests.xctest */;
			productType = "com.apple.product-type.bundle.ui-testing";
		};
/* End PBXNativeTarget section */

/* Begin PBXProject section */
		4F6D35762AB8AA86005E9144 /* Project object */ = {
			isa = PBXProject;
			attributes = {
				BuildIndependentTargetsInParallel = 1;
				LastSwiftUpdateCheck = 1430;
				LastUpgradeCheck = 1430;
				TargetAttributes = {
					4F6D357D2AB8AA86005E9144 = {
						CreatedOnToolsVersion = 14.3.1;
					};
					4F6D35932AB8AA87005E9144 = {
						CreatedOnToolsVersion = 14.3.1;
						TestTargetID = 4F6D357D2AB8AA86005E9144;
					};
					4F6D359D2AB8AA87005E9144 = {
						CreatedOnToolsVersion = 14.3.1;
						TestTargetID = 4F6D357D2AB8AA86005E9144;
					};
				};
			};
			buildConfigurationList = 4F6D35792AB8AA86005E9144 /* Build configuration list for PBXProject "Order of Events" */;
			compatibilityVersion = "Xcode 14.0";
			developmentRegion = en;
			hasScannedForEncodings = 0;
			knownRegions = (
				en,
				Base,
			);
			mainGroup = 4F6D35752AB8AA86005E9144;
			productRefGroup = 4F6D357F2AB8AA86005E9144 /* Products */;
			projectDirPath = "";
			projectRoot = "";
			targets = (
				4F6D357D2AB8AA86005E9144 /* Order of Events */,
				4F6D35932AB8AA87005E9144 /* Order of EventsTests */,
				4F6D359D2AB8AA87005E9144 /* Order of EventsUITests */,
			);
		};
/* End PBXProject section */

/* Begin PBXResourcesBuildPhase section */
		4F6D357C2AB8AA86005E9144 /* Resources */ = {
			isa = PBXResourcesBuildPhase;
			buildActionMask = 2147483647;
			files = (
				4F6D358E2AB8AA87005E9144 /* LaunchScreen.storyboard in Resources */,
				4F6D358B2AB8AA87005E9144 /* Assets.xcassets in Resources */,
				4F6D35892AB8AA86005E9144 /* Main.storyboard in Resources */,
			);
			runOnlyForDeploymentPostprocessing = 0;
		};
		4F6D35922AB8AA87005E9144 /* Resources */ = {
			isa = PBXResourcesBuildPhase;
			buildActionMask = 2147483647;
			files = (
			);
			runOnlyForDeploymentPostprocessing = 0;
		};
		4F6D359C2AB8AA87005E9144 /* Resources */ = {
			isa = PBXResourcesBuildPhase;
			buildActionMask = 2147483647;
			files = (
			);
			runOnlyForDeploymentPostprocessing = 0;
		};
/* End PBXResourcesBuildPhase section */

/* Begin PBXSourcesBuildPhase section */
		4F6D357A2AB8AA86005E9144 /* Sources */ = {
			isa = PBXSourcesBuildPhase;
			buildActionMask = 2147483647;
			files = (
				4F6D35B22AB8AB1A005E9144 /* SecondViewController.swift in Sources */,
				4F6D35862AB8AA86005E9144 /* ViewController.swift in Sources */,
				4F6D35B42AB8AB7E005E9144 /* ThirdViewController.swift in Sources */,
				4F6D35822AB8AA86005E9144 /* AppDelegate.swift in Sources */,
				4F6D35842AB8AA86005E9144 /* SceneDelegate.swift in Sources */,
			);
			runOnlyForDeploymentPostprocessing = 0;
		};
		4F6D35902AB8AA87005E9144 /* Sources */ = {
			isa = PBXSourcesBuildPhase;
			buildActionMask = 2147483647;
			files = (
				4F6D35992AB8AA87005E9144 /* Order_of_EventsTests.swift in Sources */,
			);
			runOnlyForDeploymentPostprocessing = 0;
		};
		4F6D359A2AB8AA87005E9144 /* Sources */ = {
			isa = PBXSourcesBuildPhase;
			buildActionMask = 2147483647;
			files = (
				4F6D35A32AB8AA87005E9144 /* Order_of_EventsUITests.swift in Sources */,
				4F6D35A52AB8AA87005E9144 /* Order_of_EventsUITestsLaunchTests.swift in Sources */,
			);
			runOnlyForDeploymentPostprocessing = 0;
		};
/* End PBXSourcesBuildPhase section */

/* Begin PBXTargetDependency section */
		4F6D35962AB8AA87005E9144 /* PBXTargetDependency */ = {
			isa = PBXTargetDependency;
			target = 4F6D357D2AB8AA86005E9144 /* Order of Events */;
			targetProxy = 4F6D35952AB8AA87005E9144 /* PBXContainerItemProxy */;
		};
		4F6D35A02AB8AA87005E9144 /* PBXTargetDependency */ = {
			isa = PBXTargetDependency;
			target = 4F6D357D2AB8AA86005E9144 /* Order of Events */;
			targetProxy = 4F6D359F2AB8AA87005E9144 /* PBXContainerItemProxy */;
		};
/* End PBXTargetDependency section */

/* Begin PBXVariantGroup section */
		4F6D35872AB8AA86005E9144 /* Main.storyboard */ = {
			isa = PBXVariantGroup;
			children = (
				4F6D35882AB8AA86005E9144 /* Base */,
			);
			name = Main.storyboard;
			sourceTree = "<group>";
		};
		4F6D358C2AB8AA87005E9144 /* LaunchScreen.storyboard */ = {
			isa = PBXVariantGroup;
			children = (
				4F6D358D2AB8AA87005E9144 /* Base */,
			);
			name = LaunchScreen.storyboard;
			sourceTree = "<group>";
		};
/* End PBXVariantGroup section */

/* Begin XCBuildConfiguration section */
		4F6D35A62AB8AA87005E9144 /* Debug */ = {
			isa = XCBuildConfiguration;
			buildSettings = {
				ALWAYS_SEARCH_USER_PATHS = NO;
				CLANG_ANALYZER_NONNULL = YES;
				CLANG_ANALYZER_NUMBER_OBJECT_CONVERSION = YES_AGGRESSIVE;
				CLANG_CXX_LANGUAGE_STANDARD = "gnu++20";
				CLANG_ENABLE_MODULES = YES;
				CLANG_ENABLE_OBJC_ARC = YES;
				CLANG_ENABLE_OBJC_WEAK = YES;
				CLANG_WARN_BLOCK_CAPTURE_AUTORELEASING = YES;
				CLANG_WARN_BOOL_CONVERSION = YES;
				CLANG_WARN_COMMA = YES;
				CLANG_WARN_CONSTANT_CONVERSION = YES;
				CLANG_WARN_DEPRECATED_OBJC_IMPLEMENTATIONS = YES;
				CLANG_WARN_DIRECT_OBJC_ISA_USAGE = YES_ERROR;
				CLANG_WARN_DOCUMENTATION_COMMENTS = YES;
				CLANG_WARN_EMPTY_BODY = YES;
				CLANG_WARN_ENUM_CONVERSION = YES;
				CLANG_WARN_INFINITE_RECURSION = YES;
				CLANG_WARN_INT_CONVERSION = YES;
				CLANG_WARN_NON_LITERAL_NULL_CONVERSION = YES;
				CLANG_WARN_OBJC_IMPLICIT_RETAIN_SELF = YES;
				CLANG_WARN_OBJC_LITERAL_CONVERSION = YES;
				CLANG_WARN_OBJC_ROOT_CLASS = YES_ERROR;
				CLANG_WARN_QUOTED_INCLUDE_IN_FRAMEWORK_HEADER = YES;
				CLANG_WARN_RANGE_LOOP_ANALYSIS = YES;
				CLANG_WARN_STRICT_PROTOTYPES = YES;
				CLANG_WARN_SUSPICIOUS_MOVE = YES;
				CLANG_WARN_UNGUARDED_AVAILABILITY = YES_AGGRESSIVE;
				CLANG_WARN_UNREACHABLE_CODE = YES;
				CLANG_WARN__DUPLICATE_METHOD_MATCH = YES;
				COPY_PHASE_STRIP = NO;
				DEBUG_INFORMATION_FORMAT = dwarf;
				ENABLE_STRICT_OBJC_MSGSEND = YES;
				ENABLE_TESTABILITY = YES;
				GCC_C_LANGUAGE_STANDARD = gnu11;
				GCC_DYNAMIC_NO_PIC = NO;
				GCC_NO_COMMON_BLOCKS = YES;
				GCC_OPTIMIZATION_LEVEL = 0;
				GCC_PREPROCESSOR_DEFINITIONS = (
					"DEBUG=1",
					"$(inherited)",
				);
				GCC_WARN_64_TO_32_BIT_CONVERSION = YES;
				GCC_WARN_ABOUT_RETURN_TYPE = YES_ERROR;
				GCC_WARN_UNDECLARED_SELECTOR = YES;
				GCC_WARN_UNINITIALIZED_AUTOS = YES_AGGRESSIVE;
				GCC_WARN_UNUSED_FUNCTION = YES;
				GCC_WARN_UNUSED_VARIABLE = YES;
				IPHONEOS_DEPLOYMENT_TARGET = 16.4;
				MTL_ENABLE_DEBUG_INFO = INCLUDE_SOURCE;
				MTL_FAST_MATH = YES;
				ONLY_ACTIVE_ARCH = YES;
				SDKROOT = iphoneos;
				SWIFT_ACTIVE_COMPILATION_CONDITIONS = DEBUG;
				SWIFT_OPTIMIZATION_LEVEL = "-Onone";
			};
			name = Debug;
		};
		4F6D35A72AB8AA87005E9144 /* Release */ = {
			isa = XCBuildConfiguration;
			buildSettings = {
				ALWAYS_SEARCH_USER_PATHS = NO;
				CLANG_ANALYZER_NONNULL = YES;
				CLANG_ANALYZER_NUMBER_OBJECT_CONVERSION = YES_AGGRESSIVE;
				CLANG_CXX_LANGUAGE_STANDARD = "gnu++20";
				CLANG_ENABLE_MODULES = YES;
				CLANG_ENABLE_OBJC_ARC = YES;
				CLANG_ENABLE_OBJC_WEAK = YES;
				CLANG_WARN_BLOCK_CAPTURE_AUTORELEASING = YES;
				CLANG_WARN_BOOL_CONVERSION = YES;
				CLANG_WARN_COMMA = YES;
				CLANG_WARN_CONSTANT_CONVERSION = YES;
				CLANG_WARN_DEPRECATED_OBJC_IMPLEMENTATIONS = YES;
				CLANG_WARN_DIRECT_OBJC_ISA_USAGE = YES_ERROR;
				CLANG_WARN_DOCUMENTATION_COMMENTS = YES;
				CLANG_WARN_EMPTY_BODY = YES;
				CLANG_WARN_ENUM_CONVERSION = YES;
				CLANG_WARN_INFINITE_RECURSION = YES;
				CLANG_WARN_INT_CONVERSION = YES;
				CLANG_WARN_NON_LITERAL_NULL_CONVERSION = YES;
				CLANG_WARN_OBJC_IMPLICIT_RETAIN_SELF = YES;
				CLANG_WARN_OBJC_LITERAL_CONVERSION = YES;
				CLANG_WARN_OBJC_ROOT_CLASS = YES_ERROR;
				CLANG_WARN_QUOTED_INCLUDE_IN_FRAMEWORK_HEADER = YES;
				CLANG_WARN_RANGE_LOOP_ANALYSIS = YES;
				CLANG_WARN_STRICT_PROTOTYPES = YES;
				CLANG_WARN_SUSPICIOUS_MOVE = YES;
				CLANG_WARN_UNGUARDED_AVAILABILITY = YES_AGGRESSIVE;
				CLANG_WARN_UNREACHABLE_CODE = YES;
				CLANG_WARN__DUPLICATE_METHOD_MATCH = YES;
				COPY_PHASE_STRIP = NO;
				DEBUG_INFORMATION_FORMAT = "dwarf-with-dsym";
				ENABLE_NS_ASSERTIONS = NO;
				ENABLE_STRICT_OBJC_MSGSEND = YES;
				GCC_C_LANGUAGE_STANDARD = gnu11;
				GCC_NO_COMMON_BLOCKS = YES;
				GCC_WARN_64_TO_32_BIT_CONVERSION = YES;
				GCC_WARN_ABOUT_RETURN_TYPE = YES_ERROR;
				GCC_WARN_UNDECLARED_SELECTOR = YES;
				GCC_WARN_UNINITIALIZED_AUTOS = YES_AGGRESSIVE;
				GCC_WARN_UNUSED_FUNCTION = YES;
				GCC_WARN_UNUSED_VARIABLE = YES;
				IPHONEOS_DEPLOYMENT_TARGET = 16.4;
				MTL_ENABLE_DEBUG_INFO = NO;
				MTL_FAST_MATH = YES;
				SDKROOT = iphoneos;
				SWIFT_COMPILATION_MODE = wholemodule;
				SWIFT_OPTIMIZATION_LEVEL = "-O";
				VALIDATE_PRODUCT = YES;
			};
			name = Release;
		};
		4F6D35A92AB8AA87005E9144 /* Debug */ = {
			isa = XCBuildConfiguration;
			buildSettings = {
				ASSETCATALOG_COMPILER_APPICON_NAME = AppIcon;
				ASSETCATALOG_COMPILER_GLOBAL_ACCENT_COLOR_NAME = AccentColor;
				CODE_SIGN_STYLE = Automatic;
				CURRENT_PROJECT_VERSION = 1;
				DEVELOPMENT_TEAM = D268656BM6;
				GENERATE_INFOPLIST_FILE = YES;
				INFOPLIST_FILE = "Order of Events/Info.plist";
				INFOPLIST_KEY_UIApplicationSupportsIndirectInputEvents = YES;
				INFOPLIST_KEY_UILaunchStoryboardName = LaunchScreen;
				INFOPLIST_KEY_UIMainStoryboardFile = Main;
				INFOPLIST_KEY_UISupportedInterfaceOrientations_iPad = "UIInterfaceOrientationPortrait UIInterfaceOrientationPortraitUpsideDown UIInterfaceOrientationLandscapeLeft UIInterfaceOrientationLandscapeRight";
				INFOPLIST_KEY_UISupportedInterfaceOrientations_iPhone = "UIInterfaceOrientationPortrait UIInterfaceOrientationLandscapeLeft UIInterfaceOrientationLandscapeRight";
				LD_RUNPATH_SEARCH_PATHS = (
					"$(inherited)",
					"@executable_path/Frameworks",
				);
				MARKETING_VERSION = 1.0;
				PRODUCT_BUNDLE_IDENTIFIER = "com.Jonathan.Gerber.Order-of-Events";
				PRODUCT_NAME = "$(TARGET_NAME)";
				SWIFT_EMIT_LOC_STRINGS = YES;
				SWIFT_VERSION = 5.0;
				TARGETED_DEVICE_FAMILY = "1,2";
			};
			name = Debug;
		};
		4F6D35AA2AB8AA87005E9144 /* Release */ = {
			isa = XCBuildConfiguration;
			buildSettings = {
				ASSETCATALOG_COMPILER_APPICON_NAME = AppIcon;
				ASSETCATALOG_COMPILER_GLOBAL_ACCENT_COLOR_NAME = AccentColor;
				CODE_SIGN_STYLE = Automatic;
				CURRENT_PROJECT_VERSION = 1;
				DEVELOPMENT_TEAM = D268656BM6;
				GENERATE_INFOPLIST_FILE = YES;
				INFOPLIST_FILE = "Order of Events/Info.plist";
				INFOPLIST_KEY_UIApplicationSupportsIndirectInputEvents = YES;
				INFOPLIST_KEY_UILaunchStoryboardName = LaunchScreen;
				INFOPLIST_KEY_UIMainStoryboardFile = Main;
				INFOPLIST_KEY_UISupportedInterfaceOrientations_iPad = "UIInterfaceOrientationPortrait UIInterfaceOrientationPortraitUpsideDown UIInterfaceOrientationLandscapeLeft UIInterfaceOrientationLandscapeRight";
				INFOPLIST_KEY_UISupportedInterfaceOrientations_iPhone = "UIInterfaceOrientationPortrait UIInterfaceOrientationLandscapeLeft UIInterfaceOrientationLandscapeRight";
				LD_RUNPATH_SEARCH_PATHS = (
					"$(inherited)",
					"@executable_path/Frameworks",
				);
				MARKETING_VERSION = 1.0;
				PRODUCT_BUNDLE_IDENTIFIER = "com.Jonathan.Gerber.Order-of-Events";
				PRODUCT_NAME = "$(TARGET_NAME)";
				SWIFT_EMIT_LOC_STRINGS = YES;
				SWIFT_VERSION = 5.0;
				TARGETED_DEVICE_FAMILY = "1,2";
			};
			name = Release;
		};
		4F6D35AC2AB8AA87005E9144 /* Debug */ = {
			isa = XCBuildConfiguration;
			buildSettings = {
				ALWAYS_EMBED_SWIFT_STANDARD_LIBRARIES = YES;
				BUNDLE_LOADER = "$(TEST_HOST)";
				CODE_SIGN_STYLE = Automatic;
				CURRENT_PROJECT_VERSION = 1;
				DEVELOPMENT_TEAM = D268656BM6;
				GENERATE_INFOPLIST_FILE = YES;
				IPHONEOS_DEPLOYMENT_TARGET = 16.4;
				MARKETING_VERSION = 1.0;
				PRODUCT_BUNDLE_IDENTIFIER = "com.Jonathan.Gerber.Order-of-EventsTests";
				PRODUCT_NAME = "$(TARGET_NAME)";
				SWIFT_EMIT_LOC_STRINGS = NO;
				SWIFT_VERSION = 5.0;
				TARGETED_DEVICE_FAMILY = "1,2";
				TEST_HOST = "$(BUILT_PRODUCTS_DIR)/Order of Events.app/$(BUNDLE_EXECUTABLE_FOLDER_PATH)/Order of Events";
			};
			name = Debug;
		};
		4F6D35AD2AB8AA87005E9144 /* Release */ = {
			isa = XCBuildConfiguration;
			buildSettings = {
				ALWAYS_EMBED_SWIFT_STANDARD_LIBRARIES = YES;
				BUNDLE_LOADER = "$(TEST_HOST)";
				CODE_SIGN_STYLE = Automatic;
				CURRENT_PROJECT_VERSION = 1;
				DEVELOPMENT_TEAM = D268656BM6;
				GENERATE_INFOPLIST_FILE = YES;
				IPHONEOS_DEPLOYMENT_TARGET = 16.4;
				MARKETING_VERSION = 1.0;
				PRODUCT_BUNDLE_IDENTIFIER = "com.Jonathan.Gerber.Order-of-EventsTests";
				PRODUCT_NAME = "$(TARGET_NAME)";
				SWIFT_EMIT_LOC_STRINGS = NO;
				SWIFT_VERSION = 5.0;
				TARGETED_DEVICE_FAMILY = "1,2";
				TEST_HOST = "$(BUILT_PRODUCTS_DIR)/Order of Events.app/$(BUNDLE_EXECUTABLE_FOLDER_PATH)/Order of Events";
			};
			name = Release;
		};
		4F6D35AF2AB8AA87005E9144 /* Debug */ = {
			isa = XCBuildConfiguration;
			buildSettings = {
				ALWAYS_EMBED_SWIFT_STANDARD_LIBRARIES = YES;
				CODE_SIGN_STYLE = Automatic;
				CURRENT_PROJECT_VERSION = 1;
				DEVELOPMENT_TEAM = D268656BM6;
				GENERATE_INFOPLIST_FILE = YES;
				MARKETING_VERSION = 1.0;
				PRODUCT_BUNDLE_IDENTIFIER = "com.Jonathan.Gerber.Order-of-EventsUITests";
				PRODUCT_NAME = "$(TARGET_NAME)";
				SWIFT_EMIT_LOC_STRINGS = NO;
				SWIFT_VERSION = 5.0;
				TARGETED_DEVICE_FAMILY = "1,2";
				TEST_TARGET_NAME = "Order of Events";
			};
			name = Debug;
		};
		4F6D35B02AB8AA87005E9144 /* Release */ = {
			isa = XCBuildConfiguration;
			buildSettings = {
				ALWAYS_EMBED_SWIFT_STANDARD_LIBRARIES = YES;
				CODE_SIGN_STYLE = Automatic;
				CURRENT_PROJECT_VERSION = 1;
				DEVELOPMENT_TEAM = D268656BM6;
				GENERATE_INFOPLIST_FILE = YES;
				MARKETING_VERSION = 1.0;
				PRODUCT_BUNDLE_IDENTIFIER = "com.Jonathan.Gerber.Order-of-EventsUITests";
				PRODUCT_NAME = "$(TARGET_NAME)";
				SWIFT_EMIT_LOC_STRINGS = NO;
				SWIFT_VERSION = 5.0;
				TARGETED_DEVICE_FAMILY = "1,2";
				TEST_TARGET_NAME = "Order of Events";
			};
			name = Release;
		};
/* End XCBuildConfiguration section */

/* Begin XCConfigurationList section */
		4F6D35792AB8AA86005E9144 /* Build configuration list for PBXProject "Order of Events" */ = {
			isa = XCConfigurationList;
			buildConfigurations = (
				4F6D35A62AB8AA87005E9144 /* Debug */,
				4F6D35A72AB8AA87005E9144 /* Release */,
			);
			defaultConfigurationIsVisible = 0;
			defaultConfigurationName = Release;
		};
		4F6D35A82AB8AA87005E9144 /* Build configuration list for PBXNativeTarget "Order of Events" */ = {
			isa = XCConfigurationList;
			buildConfigurations = (
				4F6D35A92AB8AA87005E9144 /* Debug */,
				4F6D35AA2AB8AA87005E9144 /* Release */,
			);
			defaultConfigurationIsVisible = 0;
			defaultConfigurationName = Release;
		};
		4F6D35AB2AB8AA87005E9144 /* Build configuration list for PBXNativeTarget "Order of EventsTests" */ = {
			isa = XCConfigurationList;
			buildConfigurations = (
				4F6D35AC2AB8AA87005E9144 /* Debug */,
				4F6D35AD2AB8AA87005E9144 /* Release */,
			);
			defaultConfigurationIsVisible = 0;
			defaultConfigurationName = Release;
		};
		4F6D35AE2AB8AA87005E9144 /* Build configuration list for PBXNativeTarget "Order of EventsUITests" */ = {
			isa = XCConfigurationList;
			buildConfigurations = (
				4F6D35AF2AB8AA87005E9144 /* Debug */,
				4F6D35B02AB8AA87005E9144 /* Release */,
			);
			defaultConfigurationIsVisible = 0;
			defaultConfigurationName = Release;
		};
/* End XCConfigurationList section */
	};
	rootObject = 4F6D35762AB8AA86005E9144 /* Project object */;
}
